
Microsoft Visual Studio Solution File, Format Version 12.00
# Visual Studio Version 17
VisualStudioVersion = 17.0.31912.275
MinimumVisualStudioVersion = 10.0.40219.1
Project("{9A19103F-16F7-4668-BE54-9A1E7A4F7556}") = "TimeSheet.Entities", "TimeSheet.Entities\TimeSheet.Entities.csproj", "{ECDCE7C3-42AA-4CB3-A758-D8AD84A68B00}"
EndProject
Project("{9A19103F-16F7-4668-BE54-9A1E7A4F7556}") = "TimeSheet.Repository", "TimeSheet.Repository\TimeSheet.Repository.csproj", "{53DB6B88-9687-4FD1-8048-E50FF243A1DE}"
EndProject
Project("{9A19103F-16F7-4668-BE54-9A1E7A4F7556}") = "TimeSheet.Service", "TimeSheet.Service\TimeSheet.Service.csproj", "{FE0DD996-5D36-4F2E-B7D0-F7FA327BC7CB}"
EndProject
Project("{9A19103F-16F7-4668-BE54-9A1E7A4F7556}") = "TimeSheet.Repository.Contract", "TimeSheet.Repository.Contract\TimeSheet.Repository.Contract.csproj", "{72FD0C60-8BCC-4302-81C0-A8FBD14FF73E}"
EndProject
Project("{9A19103F-16F7-4668-BE54-9A1E7A4F7556}") = "TimeSheet.Service.Contract", "TimeSheet.Service.Contract\TimeSheet.Service.Contract.csproj", "{6962461E-9C00-4149-934B-A891C3EC369F}"
EndProject
Project("{9A19103F-16F7-4668-BE54-9A1E7A4F7556}") = "TimeSheet.Console", "TimeSheet.Console\TimeSheet.Console.csproj", "{3DECD97F-2F1D-4595-8197-D7EB7AF0AB22}"
EndProject
Project("{FAE04EC0-301F-11D3-BF4B-00C04F79EFBC}") = "TimeSheet.Contract", "TimeSheet.Contract\TimeSheet.Contract.csproj", "{F307D0EB-073F-45EB-BBE9-54F08F1B1E1B}"
EndProject
Global
	GlobalSection(SolutionConfigurationPlatforms) = preSolution
		Debug|Any CPU = Debug|Any CPU
		Release|Any CPU = Release|Any CPU
	EndGlobalSection
	GlobalSection(ProjectConfigurationPlatforms) = postSolution
		{ECDCE7C3-42AA-4CB3-A758-D8AD84A68B00}.Debug|Any CPU.ActiveCfg = Debug|Any CPU
		{ECDCE7C3-42AA-4CB3-A758-D8AD84A68B00}.Debug|Any CPU.Build.0 = Debug|Any CPU
		{ECDCE7C3-42AA-4CB3-A758-D8AD84A68B00}.Release|Any CPU.ActiveCfg = Release|Any CPU
		{ECDCE7C3-42AA-4CB3-A758-D8AD84A68B00}.Release|Any CPU.Build.0 = Release|Any CPU
		{53DB6B88-9687-4FD1-8048-E50FF243A1DE}.Debug|Any CPU.ActiveCfg = Debug|Any CPU
		{53DB6B88-9687-4FD1-8048-E50FF243A1DE}.Debug|Any CPU.Build.0 = Debug|Any CPU
		{53DB6B88-9687-4FD1-8048-E50FF243A1DE}.Release|Any CPU.ActiveCfg = Release|Any CPU
		{53DB6B88-9687-4FD1-8048-E50FF243A1DE}.Release|Any CPU.Build.0 = Release|Any CPU
		{FE0DD996-5D36-4F2E-B7D0-F7FA327BC7CB}.Debug|Any CPU.ActiveCfg = Debug|Any CPU
		{FE0DD996-5D36-4F2E-B7D0-F7FA327BC7CB}.Debug|Any CPU.Build.0 = Debug|Any CPU
		{FE0DD996-5D36-4F2E-B7D0-F7FA327BC7CB}.Release|Any CPU.ActiveCfg = Release|Any CPU
		{FE0DD996-5D36-4F2E-B7D0-F7FA327BC7CB}.Release|Any CPU.Build.0 = Release|Any CPU
		{72FD0C60-8BCC-4302-81C0-A8FBD14FF73E}.Debug|Any CPU.ActiveCfg = Debug|Any CPU
		{72FD0C60-8BCC-4302-81C0-A8FBD14FF73E}.Debug|Any CPU.Build.0 = Debug|Any CPU
		{72FD0C60-8BCC-4302-81C0-A8FBD14FF73E}.Release|Any CPU.ActiveCfg = Release|Any CPU
		{72FD0C60-8BCC-4302-81C0-A8FBD14FF73E}.Release|Any CPU.Build.0 = Release|Any CPU
		{6962461E-9C00-4149-934B-A891C3EC369F}.Debug|Any CPU.ActiveCfg = Debug|Any CPU
		{6962461E-9C00-4149-934B-A891C3EC369F}.Debug|Any CPU.Build.0 = Debug|Any CPU
		{6962461E-9C00-4149-934B-A891C3EC369F}.Release|Any CPU.ActiveCfg = Release|Any CPU
		{6962461E-9C00-4149-934B-A891C3EC369F}.Release|Any CPU.Build.0 = Release|Any CPU
		{3DECD97F-2F1D-4595-8197-D7EB7AF0AB22}.Debug|Any CPU.ActiveCfg = Debug|Any CPU
		{3DECD97F-2F1D-4595-8197-D7EB7AF0AB22}.Debug|Any CPU.Build.0 = Debug|Any CPU
		{3DECD97F-2F1D-4595-8197-D7EB7AF0AB22}.Release|Any CPU.ActiveCfg = Release|Any CPU
		{3DECD97F-2F1D-4595-8197-D7EB7AF0AB22}.Release|Any CPU.Build.0 = Release|Any CPU
		{F307D0EB-073F-45EB-BBE9-54F08F1B1E1B}.Debug|Any CPU.ActiveCfg = Debug|Any CPU
		{F307D0EB-073F-45EB-BBE9-54F08F1B1E1B}.Debug|Any CPU.Build.0 = Debug|Any CPU
		{F307D0EB-073F-45EB-BBE9-54F08F1B1E1B}.Release|Any CPU.ActiveCfg = Release|Any CPU
		{F307D0EB-073F-45EB-BBE9-54F08F1B1E1B}.Release|Any CPU.Build.0 = Release|Any CPU
	EndGlobalSection
	GlobalSection(SolutionProperties) = preSolution
		HideSolutionNode = FALSE
	EndGlobalSection
	GlobalSection(ExtensibilityGlobals) = postSolution
		SolutionGuid = {4822AB27-63CE-414E-97F5-73253B073CD2}
	EndGlobalSection
EndGlobal
